
Microsoft Visual Studio Solution File, Format Version 12.00
# Visual Studio Version 17
VisualStudioVersion = 17.1.32414.318
MinimumVisualStudioVersion = 10.0.40219.1
Project("{9A19103F-16F7-4668-BE54-9A1E7A4F7556}") = "Web", "ATM_OriginSoftwareAPI\Web.csproj", "{2976A23A-9C32-4E2B-9992-FC1159CC343C}"
	ProjectSection(ProjectDependencies) = postProject
		{D127BDE4-B1C7-4066-889E-1DBC84D80C6E} = {D127BDE4-B1C7-4066-889E-1DBC84D80C6E}
	EndProjectSection
EndProject
Project("{9A19103F-16F7-4668-BE54-9A1E7A4F7556}") = "Infrastructure", "Infrastructure\Infrastructure.csproj", "{1D27A979-D6C7-47D5-BCC6-5AD61EF73F31}"
EndProject
Project("{9A19103F-16F7-4668-BE54-9A1E7A4F7556}") = "Domain", "Domain\Domain.csproj", "{8F875F2D-D37F-41B7-AA64-5EDAC04EA9BE}"
EndProject
Project("{9A19103F-16F7-4668-BE54-9A1E7A4F7556}") = "Application", "Application\Application.csproj", "{D127BDE4-B1C7-4066-889E-1DBC84D80C6E}"
	ProjectSection(ProjectDependencies) = postProject
		{8F875F2D-D37F-41B7-AA64-5EDAC04EA9BE} = {8F875F2D-D37F-41B7-AA64-5EDAC04EA9BE}
	EndProjectSection
EndProject
Global
	GlobalSection(SolutionConfigurationPlatforms) = preSolution
		Debug|Any CPU = Debug|Any CPU
		Release|Any CPU = Release|Any CPU
	EndGlobalSection
	GlobalSection(ProjectConfigurationPlatforms) = postSolution
		{2976A23A-9C32-4E2B-9992-FC1159CC343C}.Debug|Any CPU.ActiveCfg = Debug|Any CPU
		{2976A23A-9C32-4E2B-9992-FC1159CC343C}.Debug|Any CPU.Build.0 = Debug|Any CPU
		{2976A23A-9C32-4E2B-9992-FC1159CC343C}.Release|Any CPU.ActiveCfg = Release|Any CPU
		{2976A23A-9C32-4E2B-9992-FC1159CC343C}.Release|Any CPU.Build.0 = Release|Any CPU
		{1D27A979-D6C7-47D5-BCC6-5AD61EF73F31}.Debug|Any CPU.ActiveCfg = Debug|Any CPU
		{1D27A979-D6C7-47D5-BCC6-5AD61EF73F31}.Debug|Any CPU.Build.0 = Debug|Any CPU
		{1D27A979-D6C7-47D5-BCC6-5AD61EF73F31}.Release|Any CPU.ActiveCfg = Release|Any CPU
		{1D27A979-D6C7-47D5-BCC6-5AD61EF73F31}.Release|Any CPU.Build.0 = Release|Any CPU
		{8F875F2D-D37F-41B7-AA64-5EDAC04EA9BE}.Debug|Any CPU.ActiveCfg = Debug|Any CPU
		{8F875F2D-D37F-41B7-AA64-5EDAC04EA9BE}.Debug|Any CPU.Build.0 = Debug|Any CPU
		{8F875F2D-D37F-41B7-AA64-5EDAC04EA9BE}.Release|Any CPU.ActiveCfg = Release|Any CPU
		{8F875F2D-D37F-41B7-AA64-5EDAC04EA9BE}.Release|Any CPU.Build.0 = Release|Any CPU
		{D127BDE4-B1C7-4066-889E-1DBC84D80C6E}.Debug|Any CPU.ActiveCfg = Debug|Any CPU
		{D127BDE4-B1C7-4066-889E-1DBC84D80C6E}.Debug|Any CPU.Build.0 = Debug|Any CPU
		{D127BDE4-B1C7-4066-889E-1DBC84D80C6E}.Release|Any CPU.ActiveCfg = Release|Any CPU
		{D127BDE4-B1C7-4066-889E-1DBC84D80C6E}.Release|Any CPU.Build.0 = Release|Any CPU
	EndGlobalSection
	GlobalSection(SolutionProperties) = preSolution
		HideSolutionNode = FALSE
	EndGlobalSection
	GlobalSection(ExtensibilityGlobals) = postSolution
		SolutionGuid = {960BB77E-D5DA-466F-B46A-659534F05B95}
	EndGlobalSection
EndGlobal
